
Microsoft Visual Studio Solution File, Format Version 12.00
Project("{2150E333-8FDC-42A3-9474-1A3956D46DE8}") = "frontend", "frontend", "{BE5E4F0A-50D6-49D3-A43A-E106511BE74E}"
EndProject
Project("{FAE04EC0-301F-11D3-BF4B-00C04F79EFBC}") = "IStore.Web", "frontend\IStore.Web\IStore.Web.csproj", "{7C9E5E41-8704-4215-AB15-D19FD5D78F66}"
EndProject
Global
	GlobalSection(SolutionConfigurationPlatforms) = preSolution
		Debug|Any CPU = Debug|Any CPU
		Release|Any CPU = Release|Any CPU
	EndGlobalSection
	GlobalSection(NestedProjects) = preSolution
		{7C9E5E41-8704-4215-AB15-D19FD5D78F66} = {BE5E4F0A-50D6-49D3-A43A-E106511BE74E}
	EndGlobalSection
	GlobalSection(ProjectConfigurationPlatforms) = postSolution
		{7C9E5E41-8704-4215-AB15-D19FD5D78F66}.Debug|Any CPU.ActiveCfg = Debug|Any CPU
		{7C9E5E41-8704-4215-AB15-D19FD5D78F66}.Debug|Any CPU.Build.0 = Debug|Any CPU
		{7C9E5E41-8704-4215-AB15-D19FD5D78F66}.Release|Any CPU.ActiveCfg = Release|Any CPU
		{7C9E5E41-8704-4215-AB15-D19FD5D78F66}.Release|Any CPU.Build.0 = Release|Any CPU
	EndGlobalSection
EndGlobal
